
Microsoft Visual Studio Solution File, Format Version 12.00
# Visual Studio Version 17
VisualStudioVersion = 17.11.35219.272
MinimumVisualStudioVersion = 10.0.40219.1
Project("{FAE04EC0-301F-11D3-BF4B-00C04F79EFBC}") = "Homework_SysPr_5", "Homework_SysPr_5\Homework_SysPr_5.csproj", "{9D60B7E5-C810-49AA-8D6C-1770558202AB}"
EndProject
Global
	GlobalSection(SolutionConfigurationPlatforms) = preSolution
		Debug|Any CPU = Debug|Any CPU
		Release|Any CPU = Release|Any CPU
	EndGlobalSection
	GlobalSection(ProjectConfigurationPlatforms) = postSolution
		{9D60B7E5-C810-49AA-8D6C-1770558202AB}.Debug|Any CPU.ActiveCfg = Debug|Any CPU
		{9D60B7E5-C810-49AA-8D6C-1770558202AB}.Debug|Any CPU.Build.0 = Debug|Any CPU
		{9D60B7E5-C810-49AA-8D6C-1770558202AB}.Release|Any CPU.ActiveCfg = Release|Any CPU
		{9D60B7E5-C810-49AA-8D6C-1770558202AB}.Release|Any CPU.Build.0 = Release|Any CPU
	EndGlobalSection
	GlobalSection(SolutionProperties) = preSolution
		HideSolutionNode = FALSE
	EndGlobalSection
	GlobalSection(ExtensibilityGlobals) = postSolution
		SolutionGuid = {09C39C6F-605F-432E-84AF-A8C033590E90}
	EndGlobalSection
EndGlobal
